// !$*UTF8*$!
{
	archiveVersion = 1;
	classes = {
	};
	objectVersion = 46;
	objects = {

/* Begin PBXBuildFile section */
		0D031E522635ECF1000E778B /* ExploreViewController.swift in Sources */ = {isa = PBXBuildFile; fileRef = 0D031E512635ECF1000E778B /* ExploreViewController.swift */; };
		0D031E552636261D000E778B /* ExploreData.plist in Resources */ = {isa = PBXBuildFile; fileRef = 0D031E542636261D000E778B /* ExploreData.plist */; };
		0D031E57263642A5000E778B /* ExploreItem.swift in Sources */ = {isa = PBXBuildFile; fileRef = 0D031E56263642A5000E778B /* ExploreItem.swift */; };
		0D031E5926364898000E778B /* ExploreDataManager.swift in Sources */ = {isa = PBXBuildFile; fileRef = 0D031E5826364898000E778B /* ExploreDataManager.swift */; };
		0D0B8640264218CB00958735 /* ExploreCell.swift in Sources */ = {isa = PBXBuildFile; fileRef = 0D0B863F264218CB00958735 /* ExploreCell.swift */; };
		0D0D26A02634B8B90095957C /* MapKit.framework in Frameworks */ = {isa = PBXBuildFile; fileRef = 0D0D269F2634B8B80095957C /* MapKit.framework */; settings = {ATTRIBUTES = (Required, ); }; };
		0D1FDF09264C6CE40079999B /* LocationDataManager.swift in Sources */ = {isa = PBXBuildFile; fileRef = 0D1FDF08264C6CE40079999B /* LocationDataManager.swift */; };
		0D253F0126507D2300BA4536 /* Segue.swift in Sources */ = {isa = PBXBuildFile; fileRef = 0D253F0026507D2300BA4536 /* Segue.swift */; };
		0D253F042650876F00BA4536 /* RestaurantDetailViewController.swift in Sources */ = {isa = PBXBuildFile; fileRef = 0D253F032650876F00BA4536 /* RestaurantDetailViewController.swift */; };
		0D42E17025FD6ECC001CA409 /* AppDelegate.swift in Sources */ = {isa = PBXBuildFile; fileRef = 0D42E16F25FD6ECC001CA409 /* AppDelegate.swift */; };
		0D42E17525FD6ECC001CA409 /* Main.storyboard in Resources */ = {isa = PBXBuildFile; fileRef = 0D42E17325FD6ECC001CA409 /* Main.storyboard */; };
		0D42E17A25FD6ECC001CA409 /* LaunchScreen.storyboard in Resources */ = {isa = PBXBuildFile; fileRef = 0D42E17825FD6ECC001CA409 /* LaunchScreen.storyboard */; };
		0D42E18425FD8887001CA409 /* Assets.xcassets in Resources */ = {isa = PBXBuildFile; fileRef = 0D42E18325FD8887001CA409 /* Assets.xcassets */; };
		0D42E18825FD979B001CA409 /* RestaurantViewController.swift in Sources */ = {isa = PBXBuildFile; fileRef = 0D42E18725FD979B001CA409 /* RestaurantViewController.swift */; };
		0D48FFFC2649F83600AC2833 /* Locations.plist in Resources */ = {isa = PBXBuildFile; fileRef = 0D48FFFB2649F83600AC2833 /* Locations.plist */; };
		0D4C59B7264347D800F503EE /* RestaurantListViewController.swift in Sources */ = {isa = PBXBuildFile; fileRef = 0D4C59B6264347D800F503EE /* RestaurantListViewController.swift */; };
		0D55CB4B2648BFD100E44433 /* LocationViewController.swift in Sources */ = {isa = PBXBuildFile; fileRef = 0D55CB4A2648BFD100E44433 /* LocationViewController.swift */; };
		0D7D21F8264DCF9D0093D403 /* RestaurantItem.swift in Sources */ = {isa = PBXBuildFile; fileRef = 0D7D21F7264DCF9D0093D403 /* RestaurantItem.swift */; };
		0D7D21FA264DF7AE0093D403 /* MapDataManager.swift in Sources */ = {isa = PBXBuildFile; fileRef = 0D7D21F9264DF7AE0093D403 /* MapDataManager.swift */; };
		0D7D21FD264DFF270093D403 /* DataManager.swift in Sources */ = {isa = PBXBuildFile; fileRef = 0D7D21FC264DFF270093D403 /* DataManager.swift */; };
		0D874A5C264F3406005FB178 /* MapViewController.swift in Sources */ = {isa = PBXBuildFile; fileRef = 0D874A5B264F3406005FB178 /* MapViewController.swift */; };
		0D874A5E264F54F7005FB178 /* MapLocations.plist in Resources */ = {isa = PBXBuildFile; fileRef = 0D874A5D264F54F7005FB178 /* MapLocations.plist */; };
/* End PBXBuildFile section */

/* Begin PBXFileReference section */
		0D031E512635ECF1000E778B /* ExploreViewController.swift */ = {isa = PBXFileReference; fileEncoding = 4; lastKnownFileType = sourcecode.swift; name = ExploreViewController.swift; path = ../ExploreViewController.swift; sourceTree = "<group>"; };
		0D031E542636261D000E778B /* ExploreData.plist */ = {isa = PBXFileReference; fileEncoding = 4; lastKnownFileType = text.plist.xml; name = ExploreData.plist; path = "../../../../../Downloads/iOS-12-Programming-for-Beginners-Third-Edition-master/Chapter12/completed/LetsEat/LetsEat/Controllers/Explore/Model/ExploreData.plist"; sourceTree = "<group>"; };
		0D031E56263642A5000E778B /* ExploreItem.swift */ = {isa = PBXFileReference; fileEncoding = 4; lastKnownFileType = sourcecode.swift; path = ExploreItem.swift; sourceTree = "<group>"; };
		0D031E5826364898000E778B /* ExploreDataManager.swift */ = {isa = PBXFileReference; fileEncoding = 4; lastKnownFileType = sourcecode.swift; path = ExploreDataManager.swift; sourceTree = "<group>"; };
		0D0B863F264218CB00958735 /* ExploreCell.swift */ = {isa = PBXFileReference; fileEncoding = 4; lastKnownFileType = sourcecode.swift; path = ExploreCell.swift; sourceTree = "<group>"; };
		0D0D269F2634B8B80095957C /* MapKit.framework */ = {isa = PBXFileReference; lastKnownFileType = wrapper.framework; name = MapKit.framework; path = System/Library/Frameworks/MapKit.framework; sourceTree = SDKROOT; };
		0D0D26A22634D1040095957C /* FunctionsStructs.playground */ = {isa = PBXFileReference; lastKnownFileType = file.playground; path = FunctionsStructs.playground; sourceTree = "<group>"; };
		0D0D26A32634D7FD0095957C /* CollectionViewBasics.playground */ = {isa = PBXFileReference; lastKnownFileType = file.playground; path = CollectionViewBasics.playground; sourceTree = "<group>"; };
		0D1FDF08264C6CE40079999B /* LocationDataManager.swift */ = {isa = PBXFileReference; fileEncoding = 4; lastKnownFileType = sourcecode.swift; path = LocationDataManager.swift; sourceTree = "<group>"; };
		0D253F0026507D2300BA4536 /* Segue.swift */ = {isa = PBXFileReference; fileEncoding = 4; lastKnownFileType = sourcecode.swift; path = Segue.swift; sourceTree = "<group>"; };
		0D253F032650876F00BA4536 /* RestaurantDetailViewController.swift */ = {isa = PBXFileReference; fileEncoding = 4; lastKnownFileType = sourcecode.swift; path = RestaurantDetailViewController.swift; sourceTree = "<group>"; };
		0D42E16C25FD6ECB001CA409 /* LetsEat.app */ = {isa = PBXFileReference; explicitFileType = wrapper.application; includeInIndex = 0; path = LetsEat.app; sourceTree = BUILT_PRODUCTS_DIR; };
		0D42E16F25FD6ECC001CA409 /* AppDelegate.swift */ = {isa = PBXFileReference; lastKnownFileType = sourcecode.swift; path = AppDelegate.swift; sourceTree = "<group>"; };
		0D42E17425FD6ECC001CA409 /* Base */ = {isa = PBXFileReference; lastKnownFileType = file.storyboard; name = Base; path = Base.lproj/Main.storyboard; sourceTree = "<group>"; };
		0D42E17925FD6ECC001CA409 /* Base */ = {isa = PBXFileReference; lastKnownFileType = file.storyboard; name = Base; path = Base.lproj/LaunchScreen.storyboard; sourceTree = "<group>"; };
		0D42E17B25FD6ECC001CA409 /* Info.plist */ = {isa = PBXFileReference; lastKnownFileType = text.plist.xml; path = Info.plist; sourceTree = "<group>"; };
		0D42E18325FD8887001CA409 /* Assets.xcassets */ = {isa = PBXFileReference; lastKnownFileType = folder.assetcatalog; path = Assets.xcassets; sourceTree = "<group>"; };
		0D42E18725FD979B001CA409 /* RestaurantViewController.swift */ = {isa = PBXFileReference; fileEncoding = 4; lastKnownFileType = sourcecode.swift; path = RestaurantViewController.swift; sourceTree = "<group>"; };
		0D48FFFB2649F83600AC2833 /* Locations.plist */ = {isa = PBXFileReference; fileEncoding = 4; lastKnownFileType = text.plist.xml; path = Locations.plist; sourceTree = "<group>"; };
		0D4C59B6264347D800F503EE /* RestaurantListViewController.swift */ = {isa = PBXFileReference; fileEncoding = 4; lastKnownFileType = sourcecode.swift; path = RestaurantListViewController.swift; sourceTree = "<group>"; };
		0D55CB452648259100E44433 /* TableView.playground */ = {isa = PBXFileReference; lastKnownFileType = file.playground; path = TableView.playground; sourceTree = "<group>"; };
		0D55CB4A2648BFD100E44433 /* LocationViewController.swift */ = {isa = PBXFileReference; fileEncoding = 4; lastKnownFileType = sourcecode.swift; path = LocationViewController.swift; sourceTree = "<group>"; };
		0D7D21F7264DCF9D0093D403 /* RestaurantItem.swift */ = {isa = PBXFileReference; fileEncoding = 4; lastKnownFileType = sourcecode.swift; path = RestaurantItem.swift; sourceTree = "<group>"; };
		0D7D21F9264DF7AE0093D403 /* MapDataManager.swift */ = {isa = PBXFileReference; fileEncoding = 4; lastKnownFileType = sourcecode.swift; path = MapDataManager.swift; sourceTree = "<group>"; };
		0D7D21FC264DFF270093D403 /* DataManager.swift */ = {isa = PBXFileReference; fileEncoding = 4; lastKnownFileType = sourcecode.swift; path = DataManager.swift; sourceTree = "<group>"; };
		0D874A5B264F3406005FB178 /* MapViewController.swift */ = {isa = PBXFileReference; fileEncoding = 4; lastKnownFileType = sourcecode.swift; path = MapViewController.swift; sourceTree = "<group>"; };
		0D874A5D264F54F7005FB178 /* MapLocations.plist */ = {isa = PBXFileReference; fileEncoding = 4; lastKnownFileType = text.plist.xml; name = MapLocations.plist; path = "../../../../../Downloads/iOS-12-Programming-for-Beginners-Third-Edition-master/Chapter14/completed/LetsEat/LetsEat/Controllers/Map/Model/MapLocations.plist"; sourceTree = "<group>"; };
/* End PBXFileReference section */

/* Begin PBXFrameworksBuildPhase section */
		0D42E16925FD6ECA001CA409 /* Frameworks */ = {
			isa = PBXFrameworksBuildPhase;
			buildActionMask = 2147483647;
			files = (
				0D0D26A02634B8B90095957C /* MapKit.framework in Frameworks */,
			);
			runOnlyForDeploymentPostprocessing = 0;
		};
/* End PBXFrameworksBuildPhase section */

/* Begin PBXGroup section */
		0D031E5326362608000E778B /* Model */ = {
			isa = PBXGroup;
			children = (
				0D031E542636261D000E778B /* ExploreData.plist */,
				0D031E56263642A5000E778B /* ExploreItem.swift */,
				0D031E5826364898000E778B /* ExploreDataManager.swift */,
			);
			name = Model;
			sourceTree = "<group>";
		};
		0D0B863E2642102B00958735 /* View */ = {
			isa = PBXGroup;
			children = (
				0D0B863F264218CB00958735 /* ExploreCell.swift */,
			);
			name = View;
			sourceTree = "<group>";
		};
		0D0D269E2634B8B80095957C /* Frameworks */ = {
			isa = PBXGroup;
			children = (
				0D0D269F2634B8B80095957C /* MapKit.framework */,
			);
			name = Frameworks;
			sourceTree = "<group>";
		};
		0D0D26A12634D0A70095957C /* Playgrounds */ = {
			isa = PBXGroup;
			children = (
				0D0D26A22634D1040095957C /* FunctionsStructs.playground */,
				0D0D26A32634D7FD0095957C /* CollectionViewBasics.playground */,
			);
			name = Playgrounds;
			sourceTree = "<group>";
		};
		0D253EFF26507D0A00BA4536 /* Common */ = {
			isa = PBXGroup;
			children = (
				0D253F0026507D2300BA4536 /* Segue.swift */,
			);
			name = Common;
			sourceTree = "<group>";
		};
		0D253F022650871A00BA4536 /* RestaurantDetail */ = {
			isa = PBXGroup;
			children = (
				0D253F032650876F00BA4536 /* RestaurantDetailViewController.swift */,
			);
			name = RestaurantDetail;
			sourceTree = "<group>";
		};
		0D3727E62646FA75005589C5 /* Playgrounds */ = {
			isa = PBXGroup;
			children = (
				0D55CB452648259100E44433 /* TableView.playground */,
			);
			name = Playgrounds;
			sourceTree = "<group>";
		};
		0D42E16325FD6ECA001CA409 = {
			isa = PBXGroup;
			children = (
				0D0D26A12634D0A70095957C /* Playgrounds */,
				0D42E16E25FD6ECB001CA409 /* LetsEat */,
				0D42E16D25FD6ECB001CA409 /* Products */,
				0D0D269E2634B8B80095957C /* Frameworks */,
			);
			sourceTree = "<group>";
		};
		0D42E16D25FD6ECB001CA409 /* Products */ = {
			isa = PBXGroup;
			children = (
				0D42E16C25FD6ECB001CA409 /* LetsEat.app */,
			);
			name = Products;
			sourceTree = "<group>";
		};
		0D42E16E25FD6ECB001CA409 /* LetsEat */ = {
			isa = PBXGroup;
			children = (
				0D253F022650871A00BA4536 /* RestaurantDetail */,
				0D7D21FB264DFF000093D403 /* Misc */,
				0D7D21F5264DCE0D0093D403 /* Map */,
				0D55CB462648B78200E44433 /* Location */,
				0D3727E62646FA75005589C5 /* Playgrounds */,
				0D4C59B52643463300F503EE /* Restaurants */,
				0D0B863E2642102B00958735 /* View */,
				0D031E5326362608000E778B /* Model */,
				0D42E16F25FD6ECC001CA409 /* AppDelegate.swift */,
				0D42E18325FD8887001CA409 /* Assets.xcassets */,
				0D031E512635ECF1000E778B /* ExploreViewController.swift */,
				0D42E18725FD979B001CA409 /* RestaurantViewController.swift */,
				0D42E17325FD6ECC001CA409 /* Main.storyboard */,
				0D42E17825FD6ECC001CA409 /* LaunchScreen.storyboard */,
				0D42E17B25FD6ECC001CA409 /* Info.plist */,
			);
			path = LetsEat;
			sourceTree = "<group>";
		};
		0D4C59B52643463300F503EE /* Restaurants */ = {
			isa = PBXGroup;
			children = (
				0D4C59B6264347D800F503EE /* RestaurantListViewController.swift */,
			);
			name = Restaurants;
			sourceTree = "<group>";
		};
		0D55CB462648B78200E44433 /* Location */ = {
			isa = PBXGroup;
			children = (
				0D55CB492648B79B00E44433 /* View */,
				0D55CB482648B79000E44433 /* Contollers */,
				0D55CB472648B78A00E44433 /* Model */,
			);
			name = Location;
			sourceTree = "<group>";
		};
		0D55CB472648B78A00E44433 /* Model */ = {
			isa = PBXGroup;
			children = (
				0D48FFFB2649F83600AC2833 /* Locations.plist */,
				0D1FDF08264C6CE40079999B /* LocationDataManager.swift */,
			);
			name = Model;
			sourceTree = "<group>";
		};
		0D55CB482648B79000E44433 /* Contollers */ = {
			isa = PBXGroup;
			children = (
				0D55CB4A2648BFD100E44433 /* LocationViewController.swift */,
			);
			name = Contollers;
			sourceTree = "<group>";
		};
		0D55CB492648B79B00E44433 /* View */ = {
			isa = PBXGroup;
			children = (
			);
			name = View;
			sourceTree = "<group>";
		};
		0D7D21F5264DCE0D0093D403 /* Map */ = {
			isa = PBXGroup;
			children = (
				0D874A5A264F337A005FB178 /* Controller */,
				0D7D21F6264DCE180093D403 /* Model */,
			);
			name = Map;
			sourceTree = "<group>";
		};
		0D7D21F6264DCE180093D403 /* Model */ = {
			isa = PBXGroup;
			children = (
				0D874A5D264F54F7005FB178 /* MapLocations.plist */,
				0D7D21F7264DCF9D0093D403 /* RestaurantItem.swift */,
				0D7D21F9264DF7AE0093D403 /* MapDataManager.swift */,
			);
			name = Model;
			sourceTree = "<group>";
		};
		0D7D21FB264DFF000093D403 /* Misc */ = {
			isa = PBXGroup;
			children = (
				0D253EFF26507D0A00BA4536 /* Common */,
				0D7D21FC264DFF270093D403 /* DataManager.swift */,
			);
			name = Misc;
			sourceTree = "<group>";
		};
		0D874A5A264F337A005FB178 /* Controller */ = {
			isa = PBXGroup;
			children = (
				0D874A5B264F3406005FB178 /* MapViewController.swift */,
			);
			name = Controller;
			sourceTree = "<group>";
		};
/* End PBXGroup section */

/* Begin PBXNativeTarget section */
		0D42E16B25FD6ECA001CA409 /* LetsEat */ = {
			isa = PBXNativeTarget;
			buildConfigurationList = 0D42E17E25FD6ECC001CA409 /* Build configuration list for PBXNativeTarget "LetsEat" */;
			buildPhases = (
				0D42E16825FD6ECA001CA409 /* Sources */,
				0D42E16925FD6ECA001CA409 /* Frameworks */,
				0D42E16A25FD6ECA001CA409 /* Resources */,
			);
			buildRules = (
			);
			dependencies = (
			);
			name = LetsEat;
			productName = LetsEat;
			productReference = 0D42E16C25FD6ECB001CA409 /* LetsEat.app */;
			productType = "com.apple.product-type.application";
		};
/* End PBXNativeTarget section */

/* Begin PBXProject section */
		0D42E16425FD6ECA001CA409 /* Project object */ = {
			isa = PBXProject;
			attributes = {
				LastSwiftUpdateCheck = 0820;
				LastUpgradeCheck = 0820;
				ORGANIZATIONNAME = Williamson;
				TargetAttributes = {
					0D42E16B25FD6ECA001CA409 = {
						CreatedOnToolsVersion = 8.2.1;
						ProvisioningStyle = Automatic;
					};
				};
			};
			buildConfigurationList = 0D42E16725FD6ECA001CA409 /* Build configuration list for PBXProject "LetsEat" */;
			compatibilityVersion = "Xcode 3.2";
			developmentRegion = English;
			hasScannedForEncodings = 0;
			knownRegions = (
				en,
				Base,
			);
			mainGroup = 0D42E16325FD6ECA001CA409;
			productRefGroup = 0D42E16D25FD6ECB001CA409 /* Products */;
			projectDirPath = "";
			projectRoot = "";
			targets = (
				0D42E16B25FD6ECA001CA409 /* LetsEat */,
			);
		};
/* End PBXProject section */

/* Begin PBXResourcesBuildPhase section */
		0D42E16A25FD6ECA001CA409 /* Resources */ = {
			isa = PBXResourcesBuildPhase;
			buildActionMask = 2147483647;
			files = (
				0D031E552636261D000E778B /* ExploreData.plist in Resources */,
				0D42E17A25FD6ECC001CA409 /* LaunchScreen.storyboard in Resources */,
				0D42E18425FD8887001CA409 /* Assets.xcassets in Resources */,
				0D48FFFC2649F83600AC2833 /* Locations.plist in Resources */,
				0D874A5E264F54F7005FB178 /* MapLocations.plist in Resources */,
				0D42E17525FD6ECC001CA409 /* Main.storyboard in Resources */,
			);
			runOnlyForDeploymentPostprocessing = 0;
		};
/* End PBXResourcesBuildPhase section */

/* Begin PBXSourcesBuildPhase section */
		0D42E16825FD6ECA001CA409 /* Sources */ = {
			isa = PBXSourcesBuildPhase;
			buildActionMask = 2147483647;
			files = (
				0D031E522635ECF1000E778B /* ExploreViewController.swift in Sources */,
				0D7D21FD264DFF270093D403 /* DataManager.swift in Sources */,
				0D7D21FA264DF7AE0093D403 /* MapDataManager.swift in Sources */,
				0D42E18825FD979B001CA409 /* RestaurantViewController.swift in Sources */,
				0D031E57263642A5000E778B /* ExploreItem.swift in Sources */,
				0D253F0126507D2300BA4536 /* Segue.swift in Sources */,
				0D4C59B7264347D800F503EE /* RestaurantListViewController.swift in Sources */,
				0D874A5C264F3406005FB178 /* MapViewController.swift in Sources */,
				0D031E5926364898000E778B /* ExploreDataManager.swift in Sources */,
				0D42E17025FD6ECC001CA409 /* AppDelegate.swift in Sources */,
				0D0B8640264218CB00958735 /* ExploreCell.swift in Sources */,
				0D7D21F8264DCF9D0093D403 /* RestaurantItem.swift in Sources */,
				0D1FDF09264C6CE40079999B /* LocationDataManager.swift in Sources */,
				0D55CB4B2648BFD100E44433 /* LocationViewController.swift in Sources */,
				0D253F042650876F00BA4536 /* RestaurantDetailViewController.swift in Sources */,
			);
			runOnlyForDeploymentPostprocessing = 0;
		};
/* End PBXSourcesBuildPhase section */

/* Begin PBXVariantGroup section */
		0D42E17325FD6ECC001CA409 /* Main.storyboard */ = {
			isa = PBXVariantGroup;
			children = (
				0D42E17425FD6ECC001CA409 /* Base */,
			);
			name = Main.storyboard;
			sourceTree = "<group>";
		};
		0D42E17825FD6ECC001CA409 /* LaunchScreen.storyboard */ = {
			isa = PBXVariantGroup;
			children = (
				0D42E17925FD6ECC001CA409 /* Base */,
			);
			name = LaunchScreen.storyboard;
			sourceTree = "<group>";
		};
/* End PBXVariantGroup section */

/* Begin XCBuildConfiguration section */
		0D42E17C25FD6ECC001CA409 /* Debug */ = {
			isa = XCBuildConfiguration;
			buildSettings = {
				ALWAYS_SEARCH_USER_PATHS = NO;
				CLANG_ANALYZER_NONNULL = YES;
				CLANG_CXX_LANGUAGE_STANDARD = "gnu++0x";
				CLANG_CXX_LIBRARY = "libc++";
				CLANG_ENABLE_MODULES = YES;
				CLANG_ENABLE_OBJC_ARC = YES;
				CLANG_WARN_BOOL_CONVERSION = YES;
				CLANG_WARN_CONSTANT_CONVERSION = YES;
				CLANG_WARN_DIRECT_OBJC_ISA_USAGE = YES_ERROR;
				CLANG_WARN_DOCUMENTATION_COMMENTS = YES;
				CLANG_WARN_EMPTY_BODY = YES;
				CLANG_WARN_ENUM_CONVERSION = YES;
				CLANG_WARN_INFINITE_RECURSION = YES;
				CLANG_WARN_INT_CONVERSION = YES;
				CLANG_WARN_OBJC_ROOT_CLASS = YES_ERROR;
				CLANG_WARN_SUSPICIOUS_MOVE = YES;
				CLANG_WARN_UNREACHABLE_CODE = YES;
				CLANG_WARN__DUPLICATE_METHOD_MATCH = YES;
				"CODE_SIGN_IDENTITY[sdk=iphoneos*]" = "iPhone Developer";
				COPY_PHASE_STRIP = NO;
				DEBUG_INFORMATION_FORMAT = dwarf;
				ENABLE_STRICT_OBJC_MSGSEND = YES;
				ENABLE_TESTABILITY = YES;
				GCC_C_LANGUAGE_STANDARD = gnu99;
				GCC_DYNAMIC_NO_PIC = NO;
				GCC_NO_COMMON_BLOCKS = YES;
				GCC_OPTIMIZATION_LEVEL = 0;
				GCC_PREPROCESSOR_DEFINITIONS = (
					"DEBUG=1",
					"$(inherited)",
				);
				GCC_WARN_64_TO_32_BIT_CONVERSION = YES;
				GCC_WARN_ABOUT_RETURN_TYPE = YES_ERROR;
				GCC_WARN_UNDECLARED_SELECTOR = YES;
				GCC_WARN_UNINITIALIZED_AUTOS = YES_AGGRESSIVE;
				GCC_WARN_UNUSED_FUNCTION = YES;
				GCC_WARN_UNUSED_VARIABLE = YES;
				IPHONEOS_DEPLOYMENT_TARGET = 10.2;
				MTL_ENABLE_DEBUG_INFO = YES;
				ONLY_ACTIVE_ARCH = YES;
				SDKROOT = iphoneos;
				SWIFT_ACTIVE_COMPILATION_CONDITIONS = DEBUG;
				SWIFT_OPTIMIZATION_LEVEL = "-Onone";
			};
			name = Debug;
		};
		0D42E17D25FD6ECC001CA409 /* Release */ = {
			isa = XCBuildConfiguration;
			buildSettings = {
				ALWAYS_SEARCH_USER_PATHS = NO;
				CLANG_ANALYZER_NONNULL = YES;
				CLANG_CXX_LANGUAGE_STANDARD = "gnu++0x";
				CLANG_CXX_LIBRARY = "libc++";
				CLANG_ENABLE_MODULES = YES;
				CLANG_ENABLE_OBJC_ARC = YES;
				CLANG_WARN_BOOL_CONVERSION = YES;
				CLANG_WARN_CONSTANT_CONVERSION = YES;
				CLANG_WARN_DIRECT_OBJC_ISA_USAGE = YES_ERROR;
				CLANG_WARN_DOCUMENTATION_COMMENTS = YES;
				CLANG_WARN_EMPTY_BODY = YES;
				CLANG_WARN_ENUM_CONVERSION = YES;
				CLANG_WARN_INFINITE_RECURSION = YES;
				CLANG_WARN_INT_CONVERSION = YES;
				CLANG_WARN_OBJC_ROOT_CLASS = YES_ERROR;
				CLANG_WARN_SUSPICIOUS_MOVE = YES;
				CLANG_WARN_UNREACHABLE_CODE = YES;
				CLANG_WARN__DUPLICATE_METHOD_MATCH = YES;
				"CODE_SIGN_IDENTITY[sdk=iphoneos*]" = "iPhone Developer";
				COPY_PHASE_STRIP = NO;
				DEBUG_INFORMATION_FORMAT = "dwarf-with-dsym";
				ENABLE_NS_ASSERTIONS = NO;
				ENABLE_STRICT_OBJC_MSGSEND = YES;
				GCC_C_LANGUAGE_STANDARD = gnu99;
				GCC_NO_COMMON_BLOCKS = YES;
				GCC_WARN_64_TO_32_BIT_CONVERSION = YES;
				GCC_WARN_ABOUT_RETURN_TYPE = YES_ERROR;
				GCC_WARN_UNDECLARED_SELECTOR = YES;
				GCC_WARN_UNINITIALIZED_AUTOS = YES_AGGRESSIVE;
				GCC_WARN_UNUSED_FUNCTION = YES;
				GCC_WARN_UNUSED_VARIABLE = YES;
				IPHONEOS_DEPLOYMENT_TARGET = 10.2;
				MTL_ENABLE_DEBUG_INFO = NO;
				SDKROOT = iphoneos;
				SWIFT_OPTIMIZATION_LEVEL = "-Owholemodule";
				VALIDATE_PRODUCT = YES;
			};
			name = Release;
		};
		0D42E17F25FD6ECC001CA409 /* Debug */ = {
			isa = XCBuildConfiguration;
			buildSettings = {
				INFOPLIST_FILE = LetsEat/Info.plist;
				LD_RUNPATH_SEARCH_PATHS = "$(inherited) @executable_path/Frameworks";
				PRODUCT_BUNDLE_IDENTIFIER = Williamson.LetsEat;
				PRODUCT_NAME = "$(TARGET_NAME)";
				SWIFT_VERSION = 3.0;
			};
			name = Debug;
		};
		0D42E18025FD6ECC001CA409 /* Release */ = {
			isa = XCBuildConfiguration;
			buildSettings = {
				INFOPLIST_FILE = LetsEat/Info.plist;
				LD_RUNPATH_SEARCH_PATHS = "$(inherited) @executable_path/Frameworks";
				PRODUCT_BUNDLE_IDENTIFIER = Williamson.LetsEat;
				PRODUCT_NAME = "$(TARGET_NAME)";
				SWIFT_VERSION = 3.0;
			};
			name = Release;
		};
/* End XCBuildConfiguration section */

/* Begin XCConfigurationList section */
		0D42E16725FD6ECA001CA409 /* Build configuration list for PBXProject "LetsEat" */ = {
			isa = XCConfigurationList;
			buildConfigurations = (
				0D42E17C25FD6ECC001CA409 /* Debug */,
				0D42E17D25FD6ECC001CA409 /* Release */,
			);
			defaultConfigurationIsVisible = 0;
			defaultConfigurationName = Release;
		};
		0D42E17E25FD6ECC001CA409 /* Build configuration list for PBXNativeTarget "LetsEat" */ = {
			isa = XCConfigurationList;
			buildConfigurations = (
				0D42E17F25FD6ECC001CA409 /* Debug */,
				0D42E18025FD6ECC001CA409 /* Release */,
			);
			defaultConfigurationIsVisible = 0;
			defaultConfigurationName = Release;
		};
/* End XCConfigurationList section */
	};
	rootObject = 0D42E16425FD6ECA001CA409 /* Project object */;
}
